# @generated by Move, please check-in and do not edit manually.

[move]
version = 3
manifest_digest = "795371EE4FC92F04BD4215A00734B9A348E8BE82FAFFBDBD13AC6DAB79AD6E7C"
deps_digest = "F8BBB0CCB2491CA29A3DF03D6F92277A4F3574266507ACD77214D37ECA3F3082"
dependencies = [
  { id = "Sui", name = "Sui" },
]

[[move.package]]
id = "MoveStdlib"
source = { git = "https://github.com/MystenLabs/sui.git", rev = "testnet-v1.41.0", subdir = "crates/sui-framework/packages/move-stdlib" }

[[move.package]]
id = "Sui"
source = { git = "https://github.com/MystenLabs/sui.git", rev = "testnet-v1.41.0", subdir = "crates/sui-framework/packages/sui-framework" }

dependencies = [
  { id = "MoveStdlib", name = "MoveStdlib" },
]

[move.toolchain-version]
compiler-version = "1.41.0"
edition = "2024.beta"
flavor = "sui"

[env]

[env.devnet]
chain-id = "b7899290"
original-published-id = "0x7a8368c547f5d53778cdf9cab732f2af557070bf44a983deb5cdb41c4924ae1b"
latest-published-id = "0x7a8368c547f5d53778cdf9cab732f2af557070bf44a983deb5cdb41c4924ae1b"
published-version = "1"

[env.testnet]
chain-id = "4c78adac"
original-published-id = "0x5b00e28f610059f800d783b98671fb1fd913b3f04edefd5b6d29a438c06e15ef"
latest-published-id = "0x5b00e28f610059f800d783b98671fb1fd913b3f04edefd5b6d29a438c06e15ef"
published-version = "1"
