# @generated by Move, please check-in and do not edit manually.

[move]
version = 3
manifest_digest = "0F46C064BF6A90B062333E68571D7D4158D1C0FC6F3FA5A4CF0ACED3A82EBA15"
deps_digest = "F8BBB0CCB2491CA29A3DF03D6F92277A4F3574266507ACD77214D37ECA3F3082"
dependencies = [
  { id = "Sui", name = "Sui" },
]

[[move.package]]
id = "MoveStdlib"
source = { git = "https://github.com/MystenLabs/sui.git", rev = "testnet-v1.41.0", subdir = "crates/sui-framework/packages/move-stdlib" }

[[move.package]]
id = "Sui"
source = { git = "https://github.com/MystenLabs/sui.git", rev = "testnet-v1.41.0", subdir = "crates/sui-framework/packages/sui-framework" }

dependencies = [
  { id = "MoveStdlib", name = "MoveStdlib" },
]

[move.toolchain-version]
compiler-version = "1.41.0"
edition = "2024.beta"
flavor = "sui"

[env]

[env.devnet]
chain-id = "b7899290"
original-published-id = "0x7a8368c547f5d53778cdf9cab732f2af557070bf44a983deb5cdb41c4924ae1b"
latest-published-id = "0x7a8368c547f5d53778cdf9cab732f2af557070bf44a983deb5cdb41c4924ae1b"
published-version = "1"

[env.testnet]
chain-id = "4c78adac"
original-published-id = "0xcefb2611b71245969a855f84122c72a1d337f9f5b4a64d29a3895db24cfb8da3"
latest-published-id = "0xcefb2611b71245969a855f84122c72a1d337f9f5b4a64d29a3895db24cfb8da3"
published-version = "1"
