# @generated by Move, please check-in and do not edit manually.

[move]
version = 3
manifest_digest = "5F4D9D730BDB011B3B524D0A13C224E521830727E11C7A27A2270341655E650D"
deps_digest = "F8BBB0CCB2491CA29A3DF03D6F92277A4F3574266507ACD77214D37ECA3F3082"
dependencies = [
  { id = "Sui", name = "Sui" },
]

[[move.package]]
id = "MoveStdlib"
source = { git = "https://github.com/MystenLabs/sui.git", rev = "testnet-v1.41.0", subdir = "crates/sui-framework/packages/move-stdlib" }

[[move.package]]
id = "Sui"
source = { git = "https://github.com/MystenLabs/sui.git", rev = "testnet-v1.41.0", subdir = "crates/sui-framework/packages/sui-framework" }

dependencies = [
  { id = "MoveStdlib", name = "MoveStdlib" },
]

[move.toolchain-version]
compiler-version = "1.41.0"
edition = "2024.beta"
flavor = "sui"

[env]

[env.devnet]
chain-id = "b7899290"
original-published-id = "0x7a8368c547f5d53778cdf9cab732f2af557070bf44a983deb5cdb41c4924ae1b"
latest-published-id = "0x7a8368c547f5d53778cdf9cab732f2af557070bf44a983deb5cdb41c4924ae1b"
published-version = "1"

[env.testnet]
chain-id = "4c78adac"
original-published-id = "0xdd718c698ebfb995e2ca740fd5c9ac625fe748b0a5e1e76db3ee629641688881"
latest-published-id = "0xdd718c698ebfb995e2ca740fd5c9ac625fe748b0a5e1e76db3ee629641688881"
published-version = "1"
